%{
  "bbmustache": {:hex, :bbmustache, "1.0.4", "7ba94f971c5afd7b6617918a4bb74705e36cab36eb84b19b6a1b7ee06427aa38", [:rebar], [], "hexpm"},
  "cf": {:hex, :cf, "0.2.2", "7f2913fff90abcabd0f489896cfeb0b0674f6c8df6c10b17a83175448029896c", [:rebar3], [], "hexpm"},
  "cowboy": {:hex, :cowboy, "1.1.2", "61ac29ea970389a88eca5a65601460162d370a70018afe6f949a29dca91f3bb0", [:rebar3], [{:cowlib, "~> 1.0.2", [hex: :cowlib, repo: "hexpm", optional: false]}, {:ranch, "~> 1.3.2", [hex: :ranch, repo: "hexpm", optional: false]}], "hexpm"},
  "cowlib": {:hex, :cowlib, "1.0.2", "9d769a1d062c9c3ac753096f868ca121e2730b9a377de23dec0f7e08b1df84ee", [:make], [], "hexpm"},
  "dialyxir": {:hex, :dialyxir, "0.5.1", "b331b091720fd93e878137add264bac4f644e1ddae07a70bf7062c7862c4b952", [:mix], [], "hexpm"},
  "earmark": {:hex, :earmark, "1.2.5", "4d21980d5d2862a2e13ec3c49ad9ad783ffc7ca5769cf6ff891a4553fbaae761", [:mix], [], "hexpm"},
  "erlware_commons": {:hex, :erlware_commons, "1.0.5", "fc23d8e304140b65a811f653a76b2fb10b0ce744608caf86e9125ceb349c9442", [:rebar3], [{:cf, "0.2.2", [hex: :cf, repo: "hexpm", optional: false]}], "hexpm"},
  "ex_doc": {:hex, :ex_doc, "0.18.3", "f4b0e4a2ec6f333dccf761838a4b253d75e11f714b85ae271c9ae361367897b7", [:mix], [{:earmark, "~> 1.1", [hex: :earmark, repo: "hexpm", optional: false]}], "hexpm"},
  "exrm": {:hex, :exrm, "1.0.8", "5aa8990cdfe300282828b02cefdc339e235f7916388ce99f9a1f926a9271a45d", [:mix], [{:relx, "~> 3.5", [hex: :relx, repo: "hexpm", optional: false]}], "hexpm"},
  "getopt": {:hex, :getopt, "1.0.1", "c73a9fa687b217f2ff79f68a3b637711bb1936e712b521d8ce466b29cbf7808a", [:rebar3], [], "hexpm"},
  "mime": {:hex, :mime, "1.2.0", "78adaa84832b3680de06f88f0997e3ead3b451a440d183d688085be2d709b534", [:mix], [], "hexpm"},
  "plug": {:hex, :plug, "1.5.1", "1ff35bdecfb616f1a2b1c935ab5e4c47303f866cb929d2a76f0541e553a58165", [:mix], [{:cowboy, "~> 1.0.1 or ~> 1.1 or ~> 2.3", [hex: :cowboy, repo: "hexpm", optional: true]}, {:mime, "~> 1.0", [hex: :mime, repo: "hexpm", optional: false]}], "hexpm"},
  "providers": {:hex, :providers, "1.7.0", "bbf730563914328ec2511d205e6477a94831db7297de313b3872a2b26c562eab", [:rebar3], [{:getopt, "1.0.1", [hex: :getopt, repo: "hexpm", optional: false]}], "hexpm"},
  "ranch": {:hex, :ranch, "1.3.2", "e4965a144dc9fbe70e5c077c65e73c57165416a901bd02ea899cfd95aa890986", [:rebar3], [], "hexpm"},
  "relx": {:hex, :relx, "3.24.4", "2132f0abfa93db3177e66768db5a3d4141d4683bb4864b9dd4452ee7123ded07", [:rebar3], [{:bbmustache, "1.0.4", [hex: :bbmustache, repo: "hexpm", optional: false]}, {:cf, "0.2.2", [hex: :cf, repo: "hexpm", optional: false]}, {:erlware_commons, "1.0.5", [hex: :erlware_commons, repo: "hexpm", optional: false]}, {:getopt, "1.0.1", [hex: :getopt, repo: "hexpm", optional: false]}, {:providers, "1.7.0", [hex: :providers, repo: "hexpm", optional: false]}], "hexpm"},
}
